
Microsoft Visual Studio Solution File, Format Version 12.00
# Visual Studio 15
Project("{FAE04EC0-301F-11D3-BF4B-00C04F79EFBC}") = "Assembly-CSharp", "Assembly-CSharp.csproj", "{017AA012-48BF-B550-B691-E4A55557EF0E}"
EndProject
Project("{FAE04EC0-301F-11D3-BF4B-00C04F79EFBC}") = "Assembly-CSharp-Editor", "Assembly-CSharp-Editor.csproj", "{BADAEA1C-7765-BC93-C814-05AA41508DD8}"
EndProject
Global
	GlobalSection(SolutionConfigurationPlatforms) = preSolution
		Debug|Any CPU = Debug|Any CPU
		Release|Any CPU = Release|Any CPU
	EndGlobalSection
	GlobalSection(ProjectConfigurationPlatforms) = postSolution
		{017AA012-48BF-B550-B691-E4A55557EF0E}.Debug|Any CPU.ActiveCfg = Debug|Any CPU
		{017AA012-48BF-B550-B691-E4A55557EF0E}.Debug|Any CPU.Build.0 = Debug|Any CPU
		{017AA012-48BF-B550-B691-E4A55557EF0E}.Release|Any CPU.ActiveCfg = Release|Any CPU
		{017AA012-48BF-B550-B691-E4A55557EF0E}.Release|Any CPU.Build.0 = Release|Any CPU
		{BADAEA1C-7765-BC93-C814-05AA41508DD8}.Debug|Any CPU.ActiveCfg = Debug|Any CPU
		{BADAEA1C-7765-BC93-C814-05AA41508DD8}.Debug|Any CPU.Build.0 = Debug|Any CPU
		{BADAEA1C-7765-BC93-C814-05AA41508DD8}.Release|Any CPU.ActiveCfg = Release|Any CPU
		{BADAEA1C-7765-BC93-C814-05AA41508DD8}.Release|Any CPU.Build.0 = Release|Any CPU
	EndGlobalSection
	GlobalSection(SolutionProperties) = preSolution
		HideSolutionNode = FALSE
	EndGlobalSection
EndGlobal
